Microsoft Visual Studio Solution File, Format Version 10.00
# Visual Studio 2008
Project("{FAE04EC0-301F-11D3-BF4B-00C04F79EFBC}") = "WocketsApplication", "WocketsApplication.csproj", "{69121565-9FA0-4AE0-90E6-FA4D6B5C3B2D}"
EndProject
Project("{FAE04EC0-301F-11D3-BF4B-00C04F79EFBC}") = "BornanderUIProgressBar", "BornanderUIProgressBar.csproj", "{53A0D2D6-F4E2-4CE1-A665-DA02457FF4B5}"
EndProject
Project("{8BC9CEB8-8B4A-11D0-8D11-00A0C91BC942}") = "FixedPointFFT", "FixedPointFFT.vcproj", "{7F5ADA47-DDAC-4F01-8113-2AD503A0D0B1}"
EndProject
Project("{FAE04EC0-301F-11D3-BF4B-00C04F79EFBC}") = "Wockets", "Wockets.csproj", "{5D98635F-251B-464F-9132-AF594E8D482B}"
EndProject
Project("{FAE04EC0-301F-11D3-BF4B-00C04F79EFBC}") = "WocketsWeka", "WocketsWeka.csproj", "{637F0352-A172-4CD3-8C6B-C318CC92C14B}"
EndProject
Project("{8BC9CEB8-8B4A-11D0-8D11-00A0C91BC942}") = "WocketsPCInstaller", "WocketsPCInstaller.vcproj", "{43FA8782-A0DF-46F7-A0B6-B8613970CB25}"
EndProject
Project("{FAE04EC0-301F-11D3-BF4B-00C04F79EFBC}") = "Kernel", "Kernel.csproj", "{0F3D4EB2-7352-4869-A7F1-E0145BF3441B}"
EndProject
Project("{FAE04EC0-301F-11D3-BF4B-00C04F79EFBC}") = "WocketsAppNS", "WocketsAppNS.csproj", "{1CFF1354-F653-4E83-AC7F-1FE5D0B39D21}"
EndProject
Project("{8BC9CEB8-8B4A-11D0-8D11-00A0C91BC942}") = "WidcommPPC", "WidcommPPC.vcproj", "{251840C4-D1DC-497D-A98B-D7B8D0658404}"
EndProject
Project("{FAE04EC0-301F-11D3-BF4B-00C04F79EFBC}") = "DataCollectionApp", "DataCollectionApp.csproj", "{3A049180-1443-4610-ADB2-39E8DEB5BBDC}"
EndProject
Project("{FAE04EC0-301F-11D3-BF4B-00C04F79EFBC}") = "WocketsMonitorApp", "WocketsMonitorApp.csproj", "{04E3AD1F-0567-41C7-B6BC-EB947BC77915}"
EndProject
Global
	GlobalSection(SolutionConfigurationPlatforms) = preSolution
		Debug|Any CPU = Debug|Any CPU
		Debug|Mixed Platforms = Debug|Mixed Platforms
		Debug|Pocket PC 2003 (ARMV4) = Debug|Pocket PC 2003 (ARMV4)
		Debug|Win32 = Debug|Win32
		Debug|Windows Mobile 5.0 Pocket PC SDK (ARMV4I) = Debug|Windows Mobile 5.0 Pocket PC SDK (ARMV4I)
		Release|Any CPU = Release|Any CPU
		Release|Mixed Platforms = Release|Mixed Platforms
		Release|Pocket PC 2003 (ARMV4) = Release|Pocket PC 2003 (ARMV4)
		Release|Win32 = Release|Win32
		Release|Windows Mobile 5.0 Pocket PC SDK (ARMV4I) = Release|Windows Mobile 5.0 Pocket PC SDK (ARMV4I)
	EndGlobalSection
	GlobalSection(ProjectConfigurationPlatforms) = postSolution
		{69121565-9FA0-4AE0-90E6-FA4D6B5C3B2D}.Debug|Any CPU.ActiveCfg = Debug|Any CPU
		{69121565-9FA0-4AE0-90E6-FA4D6B5C3B2D}.Debug|Any CPU.Build.0 = Debug|Any CPU
		{69121565-9FA0-4AE0-90E6-FA4D6B5C3B2D}.Debug|Any CPU.Deploy.0 = Debug|Any CPU
		{69121565-9FA0-4AE0-90E6-FA4D6B5C3B2D}.Debug|Mixed Platforms.ActiveCfg = Debug|Any CPU
		{69121565-9FA0-4AE0-90E6-FA4D6B5C3B2D}.Debug|Mixed Platforms.Build.0 = Debug|Any CPU
		{69121565-9FA0-4AE0-90E6-FA4D6B5C3B2D}.Debug|Mixed Platforms.Deploy.0 = Debug|Any CPU
		{69121565-9FA0-4AE0-90E6-FA4D6B5C3B2D}.Debug|Pocket PC 2003 (ARMV4).ActiveCfg = Debug|Any CPU
		{69121565-9FA0-4AE0-90E6-FA4D6B5C3B2D}.Debug|Win32.ActiveCfg = Debug|Any CPU
		{69121565-9FA0-4AE0-90E6-FA4D6B5C3B2D}.Debug|Windows Mobile 5.0 Pocket PC SDK (ARMV4I).ActiveCfg = Debug|Any CPU
		{69121565-9FA0-4AE0-90E6-FA4D6B5C3B2D}.Release|Any CPU.ActiveCfg = Release|Any CPU
		{69121565-9FA0-4AE0-90E6-FA4D6B5C3B2D}.Release|Any CPU.Build.0 = Release|Any CPU
		{69121565-9FA0-4AE0-90E6-FA4D6B5C3B2D}.Release|Any CPU.Deploy.0 = Release|Any CPU
		{69121565-9FA0-4AE0-90E6-FA4D6B5C3B2D}.Release|Mixed Platforms.ActiveCfg = Release|Any CPU
		{69121565-9FA0-4AE0-90E6-FA4D6B5C3B2D}.Release|Mixed Platforms.Build.0 = Release|Any CPU
		{69121565-9FA0-4AE0-90E6-FA4D6B5C3B2D}.Release|Mixed Platforms.Deploy.0 = Release|Any CPU
		{69121565-9FA0-4AE0-90E6-FA4D6B5C3B2D}.Release|Pocket PC 2003 (ARMV4).ActiveCfg = Release|Any CPU
		{69121565-9FA0-4AE0-90E6-FA4D6B5C3B2D}.Release|Win32.ActiveCfg = Release|Any CPU
		{69121565-9FA0-4AE0-90E6-FA4D6B5C3B2D}.Release|Windows Mobile 5.0 Pocket PC SDK (ARMV4I).ActiveCfg = Release|Any CPU
		{53A0D2D6-F4E2-4CE1-A665-DA02457FF4B5}.Debug|Any CPU.ActiveCfg = Debug|Any CPU
		{53A0D2D6-F4E2-4CE1-A665-DA02457FF4B5}.Debug|Any CPU.Build.0 = Debug|Any CPU
		{53A0D2D6-F4E2-4CE1-A665-DA02457FF4B5}.Debug|Mixed Platforms.ActiveCfg = Debug|Any CPU
		{53A0D2D6-F4E2-4CE1-A665-DA02457FF4B5}.Debug|Mixed Platforms.Build.0 = Debug|Any CPU
		{53A0D2D6-F4E2-4CE1-A665-DA02457FF4B5}.Debug|Mixed Platforms.Deploy.0 = Debug|Any CPU
		{53A0D2D6-F4E2-4CE1-A665-DA02457FF4B5}.Debug|Pocket PC 2003 (ARMV4).ActiveCfg = Debug|Any CPU
		{53A0D2D6-F4E2-4CE1-A665-DA02457FF4B5}.Debug|Win32.ActiveCfg = Debug|Any CPU
		{53A0D2D6-F4E2-4CE1-A665-DA02457FF4B5}.Debug|Windows Mobile 5.0 Pocket PC SDK (ARMV4I).ActiveCfg = Debug|Any CPU
		{53A0D2D6-F4E2-4CE1-A665-DA02457FF4B5}.Release|Any CPU.ActiveCfg = Release|Any CPU
		{53A0D2D6-F4E2-4CE1-A665-DA02457FF4B5}.Release|Any CPU.Build.0 = Release|Any CPU
		{53A0D2D6-F4E2-4CE1-A665-DA02457FF4B5}.Release|Mixed Platforms.ActiveCfg = Release|Any CPU
		{53A0D2D6-F4E2-4CE1-A665-DA02457FF4B5}.Release|Mixed Platforms.Build.0 = Release|Any CPU
		{53A0D2D6-F4E2-4CE1-A665-DA02457FF4B5}.Release|Pocket PC 2003 (ARMV4).ActiveCfg = Release|Any CPU
		{53A0D2D6-F4E2-4CE1-A665-DA02457FF4B5}.Release|Win32.ActiveCfg = Release|Any CPU
		{53A0D2D6-F4E2-4CE1-A665-DA02457FF4B5}.Release|Windows Mobile 5.0 Pocket PC SDK (ARMV4I).ActiveCfg = Release|Any CPU
		{7F5ADA47-DDAC-4F01-8113-2AD503A0D0B1}.Debug|Any CPU.ActiveCfg = Debug|Pocket PC 2003 (ARMV4)
		{7F5ADA47-DDAC-4F01-8113-2AD503A0D0B1}.Debug|Mixed Platforms.ActiveCfg = Debug|Pocket PC 2003 (ARMV4)
		{7F5ADA47-DDAC-4F01-8113-2AD503A0D0B1}.Debug|Mixed Platforms.Build.0 = Debug|Pocket PC 2003 (ARMV4)
		{7F5ADA47-DDAC-4F01-8113-2AD503A0D0B1}.Debug|Mixed Platforms.Deploy.0 = Debug|Pocket PC 2003 (ARMV4)
		{7F5ADA47-DDAC-4F01-8113-2AD503A0D0B1}.Debug|Pocket PC 2003 (ARMV4).ActiveCfg = Debug|Pocket PC 2003 (ARMV4)
		{7F5ADA47-DDAC-4F01-8113-2AD503A0D0B1}.Debug|Pocket PC 2003 (ARMV4).Build.0 = Debug|Pocket PC 2003 (ARMV4)
		{7F5ADA47-DDAC-4F01-8113-2AD503A0D0B1}.Debug|Pocket PC 2003 (ARMV4).Deploy.0 = Debug|Pocket PC 2003 (ARMV4)
		{7F5ADA47-DDAC-4F01-8113-2AD503A0D0B1}.Debug|Win32.ActiveCfg = Debug|Pocket PC 2003 (ARMV4)
		{7F5ADA47-DDAC-4F01-8113-2AD503A0D0B1}.Debug|Windows Mobile 5.0 Pocket PC SDK (ARMV4I).ActiveCfg = Debug|Pocket PC 2003 (ARMV4)
		{7F5ADA47-DDAC-4F01-8113-2AD503A0D0B1}.Release|Any CPU.ActiveCfg = Release|Pocket PC 2003 (ARMV4)
		{7F5ADA47-DDAC-4F01-8113-2AD503A0D0B1}.Release|Mixed Platforms.ActiveCfg = Release|Pocket PC 2003 (ARMV4)
		{7F5ADA47-DDAC-4F01-8113-2AD503A0D0B1}.Release|Mixed Platforms.Build.0 = Release|Pocket PC 2003 (ARMV4)
		{7F5ADA47-DDAC-4F01-8113-2AD503A0D0B1}.Release|Mixed Platforms.Deploy.0 = Release|Pocket PC 2003 (ARMV4)
		{7F5ADA47-DDAC-4F01-8113-2AD503A0D0B1}.Release|Pocket PC 2003 (ARMV4).ActiveCfg = Release|Pocket PC 2003 (ARMV4)
		{7F5ADA47-DDAC-4F01-8113-2AD503A0D0B1}.Release|Pocket PC 2003 (ARMV4).Build.0 = Release|Pocket PC 2003 (ARMV4)
		{7F5ADA47-DDAC-4F01-8113-2AD503A0D0B1}.Release|Pocket PC 2003 (ARMV4).Deploy.0 = Release|Pocket PC 2003 (ARMV4)
		{7F5ADA47-DDAC-4F01-8113-2AD503A0D0B1}.Release|Win32.ActiveCfg = Release|Pocket PC 2003 (ARMV4)
		{7F5ADA47-DDAC-4F01-8113-2AD503A0D0B1}.Release|Windows Mobile 5.0 Pocket PC SDK (ARMV4I).ActiveCfg = Release|Pocket PC 2003 (ARMV4)
		{5D98635F-251B-464F-9132-AF594E8D482B}.Debug|Any CPU.ActiveCfg = Debug|Any CPU
		{5D98635F-251B-464F-9132-AF594E8D482B}.Debug|Any CPU.Build.0 = Debug|Any CPU
		{5D98635F-251B-464F-9132-AF594E8D482B}.Debug|Mixed Platforms.ActiveCfg = Debug|Any CPU
		{5D98635F-251B-464F-9132-AF594E8D482B}.Debug|Mixed Platforms.Build.0 = Debug|Any CPU
		{5D98635F-251B-464F-9132-AF594E8D482B}.Debug|Mixed Platforms.Deploy.0 = Debug|Any CPU
		{5D98635F-251B-464F-9132-AF594E8D482B}.Debug|Pocket PC 2003 (ARMV4).ActiveCfg = Debug|Any CPU
		{5D98635F-251B-464F-9132-AF594E8D482B}.Debug|Win32.ActiveCfg = Debug|Any CPU
		{5D98635F-251B-464F-9132-AF594E8D482B}.Debug|Windows Mobile 5.0 Pocket PC SDK (ARMV4I).ActiveCfg = Debug|Any CPU
		{5D98635F-251B-464F-9132-AF594E8D482B}.Release|Any CPU.ActiveCfg = Release|Any CPU
		{5D98635F-251B-464F-9132-AF594E8D482B}.Release|Any CPU.Build.0 = Release|Any CPU
		{5D98635F-251B-464F-9132-AF594E8D482B}.Release|Mixed Platforms.ActiveCfg = Release|Any CPU
		{5D98635F-251B-464F-9132-AF594E8D482B}.Release|Mixed Platforms.Build.0 = Release|Any CPU
		{5D98635F-251B-464F-9132-AF594E8D482B}.Release|Pocket PC 2003 (ARMV4).ActiveCfg = Release|Any CPU
		{5D98635F-251B-464F-9132-AF594E8D482B}.Release|Win32.ActiveCfg = Release|Any CPU
		{5D98635F-251B-464F-9132-AF594E8D482B}.Release|Windows Mobile 5.0 Pocket PC SDK (ARMV4I).ActiveCfg = Release|Any CPU
		{637F0352-A172-4CD3-8C6B-C318CC92C14B}.Debug|Any CPU.ActiveCfg = Debug|Any CPU
		{637F0352-A172-4CD3-8C6B-C318CC92C14B}.Debug|Any CPU.Build.0 = Debug|Any CPU
		{637F0352-A172-4CD3-8C6B-C318CC92C14B}.Debug|Mixed Platforms.ActiveCfg = Debug|Any CPU
		{637F0352-A172-4CD3-8C6B-C318CC92C14B}.Debug|Mixed Platforms.Build.0 = Debug|Any CPU
		{637F0352-A172-4CD3-8C6B-C318CC92C14B}.Debug|Mixed Platforms.Deploy.0 = Debug|Any CPU
		{637F0352-A172-4CD3-8C6B-C318CC92C14B}.Debug|Pocket PC 2003 (ARMV4).ActiveCfg = Debug|Any CPU
		{637F0352-A172-4CD3-8C6B-C318CC92C14B}.Debug|Win32.ActiveCfg = Debug|Any CPU
		{637F0352-A172-4CD3-8C6B-C318CC92C14B}.Debug|Windows Mobile 5.0 Pocket PC SDK (ARMV4I).ActiveCfg = Debug|Any CPU
		{637F0352-A172-4CD3-8C6B-C318CC92C14B}.Release|Any CPU.ActiveCfg = Release|Any CPU
		{637F0352-A172-4CD3-8C6B-C318CC92C14B}.Release|Any CPU.Build.0 = Release|Any CPU
		{637F0352-A172-4CD3-8C6B-C318CC92C14B}.Release|Mixed Platforms.ActiveCfg = Release|Any CPU
		{637F0352-A172-4CD3-8C6B-C318CC92C14B}.Release|Mixed Platforms.Build.0 = Release|Any CPU
		{637F0352-A172-4CD3-8C6B-C318CC92C14B}.Release|Pocket PC 2003 (ARMV4).ActiveCfg = Release|Any CPU
		{637F0352-A172-4CD3-8C6B-C318CC92C14B}.Release|Win32.ActiveCfg = Release|Any CPU
		{637F0352-A172-4CD3-8C6B-C318CC92C14B}.Release|Windows Mobile 5.0 Pocket PC SDK (ARMV4I).ActiveCfg = Release|Any CPU
		{43FA8782-A0DF-46F7-A0B6-B8613970CB25}.Debug|Any CPU.ActiveCfg = Debug|Win32
		{43FA8782-A0DF-46F7-A0B6-B8613970CB25}.Debug|Mixed Platforms.ActiveCfg = Debug|Win32
		{43FA8782-A0DF-46F7-A0B6-B8613970CB25}.Debug|Mixed Platforms.Build.0 = Debug|Win32
		{43FA8782-A0DF-46F7-A0B6-B8613970CB25}.Debug|Pocket PC 2003 (ARMV4).ActiveCfg = Debug|Win32
		{43FA8782-A0DF-46F7-A0B6-B8613970CB25}.Debug|Win32.ActiveCfg = Debug|Win32
		{43FA8782-A0DF-46F7-A0B6-B8613970CB25}.Debug|Win32.Build.0 = Debug|Win32
		{43FA8782-A0DF-46F7-A0B6-B8613970CB25}.Debug|Windows Mobile 5.0 Pocket PC SDK (ARMV4I).ActiveCfg = Debug|Win32
		{43FA8782-A0DF-46F7-A0B6-B8613970CB25}.Release|Any CPU.ActiveCfg = Release|Win32
		{43FA8782-A0DF-46F7-A0B6-B8613970CB25}.Release|Mixed Platforms.ActiveCfg = Release|Win32
		{43FA8782-A0DF-46F7-A0B6-B8613970CB25}.Release|Mixed Platforms.Build.0 = Release|Win32
		{43FA8782-A0DF-46F7-A0B6-B8613970CB25}.Release|Pocket PC 2003 (ARMV4).ActiveCfg = Release|Win32
		{43FA8782-A0DF-46F7-A0B6-B8613970CB25}.Release|Win32.ActiveCfg = Release|Win32
		{43FA8782-A0DF-46F7-A0B6-B8613970CB25}.Release|Win32.Build.0 = Release|Win32
		{43FA8782-A0DF-46F7-A0B6-B8613970CB25}.Release|Windows Mobile 5.0 Pocket PC SDK (ARMV4I).ActiveCfg = Release|Win32
		{0F3D4EB2-7352-4869-A7F1-E0145BF3441B}.Debug|Any CPU.ActiveCfg = Debug|Any CPU
		{0F3D4EB2-7352-4869-A7F1-E0145BF3441B}.Debug|Any CPU.Build.0 = Debug|Any CPU
		{0F3D4EB2-7352-4869-A7F1-E0145BF3441B}.Debug|Any CPU.Deploy.0 = Debug|Any CPU
		{0F3D4EB2-7352-4869-A7F1-E0145BF3441B}.Debug|Mixed Platforms.ActiveCfg = Debug|Any CPU
		{0F3D4EB2-7352-4869-A7F1-E0145BF3441B}.Debug|Mixed Platforms.Build.0 = Debug|Any CPU
		{0F3D4EB2-7352-4869-A7F1-E0145BF3441B}.Debug|Mixed Platforms.Deploy.0 = Debug|Any CPU
		{0F3D4EB2-7352-4869-A7F1-E0145BF3441B}.Debug|Pocket PC 2003 (ARMV4).ActiveCfg = Debug|Any CPU
		{0F3D4EB2-7352-4869-A7F1-E0145BF3441B}.Debug|Win32.ActiveCfg = Debug|Any CPU
		{0F3D4EB2-7352-4869-A7F1-E0145BF3441B}.Debug|Windows Mobile 5.0 Pocket PC SDK (ARMV4I).ActiveCfg = Debug|Any CPU
		{0F3D4EB2-7352-4869-A7F1-E0145BF3441B}.Release|Any CPU.ActiveCfg = Release|Any CPU
		{0F3D4EB2-7352-4869-A7F1-E0145BF3441B}.Release|Any CPU.Build.0 = Release|Any CPU
		{0F3D4EB2-7352-4869-A7F1-E0145BF3441B}.Release|Any CPU.Deploy.0 = Release|Any CPU
		{0F3D4EB2-7352-4869-A7F1-E0145BF3441B}.Release|Mixed Platforms.ActiveCfg = Release|Any CPU
		{0F3D4EB2-7352-4869-A7F1-E0145BF3441B}.Release|Mixed Platforms.Build.0 = Release|Any CPU
		{0F3D4EB2-7352-4869-A7F1-E0145BF3441B}.Release|Mixed Platforms.Deploy.0 = Release|Any CPU
		{0F3D4EB2-7352-4869-A7F1-E0145BF3441B}.Release|Pocket PC 2003 (ARMV4).ActiveCfg = Release|Any CPU
		{0F3D4EB2-7352-4869-A7F1-E0145BF3441B}.Release|Win32.ActiveCfg = Release|Any CPU
		{0F3D4EB2-7352-4869-A7F1-E0145BF3441B}.Release|Windows Mobile 5.0 Pocket PC SDK (ARMV4I).ActiveCfg = Release|Any CPU
		{1CFF1354-F653-4E83-AC7F-1FE5D0B39D21}.Debug|Any CPU.ActiveCfg = Debug|Any CPU
		{1CFF1354-F653-4E83-AC7F-1FE5D0B39D21}.Debug|Any CPU.Build.0 = Debug|Any CPU
		{1CFF1354-F653-4E83-AC7F-1FE5D0B39D21}.Debug|Any CPU.Deploy.0 = Debug|Any CPU
		{1CFF1354-F653-4E83-AC7F-1FE5D0B39D21}.Debug|Mixed Platforms.ActiveCfg = Debug|Any CPU
		{1CFF1354-F653-4E83-AC7F-1FE5D0B39D21}.Debug|Mixed Platforms.Build.0 = Debug|Any CPU
		{1CFF1354-F653-4E83-AC7F-1FE5D0B39D21}.Debug|Mixed Platforms.Deploy.0 = Debug|Any CPU
		{1CFF1354-F653-4E83-AC7F-1FE5D0B39D21}.Debug|Pocket PC 2003 (ARMV4).ActiveCfg = Debug|Any CPU
		{1CFF1354-F653-4E83-AC7F-1FE5D0B39D21}.Debug|Win32.ActiveCfg = Debug|Any CPU
		{1CFF1354-F653-4E83-AC7F-1FE5D0B39D21}.Debug|Windows Mobile 5.0 Pocket PC SDK (ARMV4I).ActiveCfg = Debug|Any CPU
		{1CFF1354-F653-4E83-AC7F-1FE5D0B39D21}.Release|Any CPU.ActiveCfg = Release|Any CPU
		{1CFF1354-F653-4E83-AC7F-1FE5D0B39D21}.Release|Any CPU.Build.0 = Release|Any CPU
		{1CFF1354-F653-4E83-AC7F-1FE5D0B39D21}.Release|Any CPU.Deploy.0 = Release|Any CPU
		{1CFF1354-F653-4E83-AC7F-1FE5D0B39D21}.Release|Mixed Platforms.ActiveCfg = Release|Any CPU
		{1CFF1354-F653-4E83-AC7F-1FE5D0B39D21}.Release|Mixed Platforms.Build.0 = Release|Any CPU
		{1CFF1354-F653-4E83-AC7F-1FE5D0B39D21}.Release|Mixed Platforms.Deploy.0 = Release|Any CPU
		{1CFF1354-F653-4E83-AC7F-1FE5D0B39D21}.Release|Pocket PC 2003 (ARMV4).ActiveCfg = Release|Any CPU
		{1CFF1354-F653-4E83-AC7F-1FE5D0B39D21}.Release|Win32.ActiveCfg = Release|Any CPU
		{1CFF1354-F653-4E83-AC7F-1FE5D0B39D21}.Release|Windows Mobile 5.0 Pocket PC SDK (ARMV4I).ActiveCfg = Release|Any CPU
		{251840C4-D1DC-497D-A98B-D7B8D0658404}.Debug|Any CPU.ActiveCfg = Debug|Windows Mobile 5.0 Pocket PC SDK (ARMV4I)
		{251840C4-D1DC-497D-A98B-D7B8D0658404}.Debug|Mixed Platforms.ActiveCfg = Debug|Windows Mobile 5.0 Pocket PC SDK (ARMV4I)
		{251840C4-D1DC-497D-A98B-D7B8D0658404}.Debug|Mixed Platforms.Build.0 = Debug|Windows Mobile 5.0 Pocket PC SDK (ARMV4I)
		{251840C4-D1DC-497D-A98B-D7B8D0658404}.Debug|Mixed Platforms.Deploy.0 = Debug|Windows Mobile 5.0 Pocket PC SDK (ARMV4I)
		{251840C4-D1DC-497D-A98B-D7B8D0658404}.Debug|Pocket PC 2003 (ARMV4).ActiveCfg = Debug|Pocket PC 2003 (ARMV4)
		{251840C4-D1DC-497D-A98B-D7B8D0658404}.Debug|Pocket PC 2003 (ARMV4).Build.0 = Debug|Pocket PC 2003 (ARMV4)
		{251840C4-D1DC-497D-A98B-D7B8D0658404}.Debug|Pocket PC 2003 (ARMV4).Deploy.0 = Debug|Pocket PC 2003 (ARMV4)
		{251840C4-D1DC-497D-A98B-D7B8D0658404}.Debug|Win32.ActiveCfg = Debug|Windows Mobile 5.0 Pocket PC SDK (ARMV4I)
		{251840C4-D1DC-497D-A98B-D7B8D0658404}.Debug|Windows Mobile 5.0 Pocket PC SDK (ARMV4I).ActiveCfg = Debug|Windows Mobile 5.0 Pocket PC SDK (ARMV4I)
		{251840C4-D1DC-497D-A98B-D7B8D0658404}.Debug|Windows Mobile 5.0 Pocket PC SDK (ARMV4I).Build.0 = Debug|Windows Mobile 5.0 Pocket PC SDK (ARMV4I)
		{251840C4-D1DC-497D-A98B-D7B8D0658404}.Debug|Windows Mobile 5.0 Pocket PC SDK (ARMV4I).Deploy.0 = Debug|Windows Mobile 5.0 Pocket PC SDK (ARMV4I)
		{251840C4-D1DC-497D-A98B-D7B8D0658404}.Release|Any CPU.ActiveCfg = Release|Windows Mobile 5.0 Pocket PC SDK (ARMV4I)
		{251840C4-D1DC-497D-A98B-D7B8D0658404}.Release|Mixed Platforms.ActiveCfg = Release|Windows Mobile 5.0 Pocket PC SDK (ARMV4I)
		{251840C4-D1DC-497D-A98B-D7B8D0658404}.Release|Mixed Platforms.Build.0 = Release|Windows Mobile 5.0 Pocket PC SDK (ARMV4I)
		{251840C4-D1DC-497D-A98B-D7B8D0658404}.Release|Mixed Platforms.Deploy.0 = Release|Windows Mobile 5.0 Pocket PC SDK (ARMV4I)
		{251840C4-D1DC-497D-A98B-D7B8D0658404}.Release|Pocket PC 2003 (ARMV4).ActiveCfg = Release|Pocket PC 2003 (ARMV4)
		{251840C4-D1DC-497D-A98B-D7B8D0658404}.Release|Pocket PC 2003 (ARMV4).Build.0 = Release|Pocket PC 2003 (ARMV4)
		{251840C4-D1DC-497D-A98B-D7B8D0658404}.Release|Pocket PC 2003 (ARMV4).Deploy.0 = Release|Pocket PC 2003 (ARMV4)
		{251840C4-D1DC-497D-A98B-D7B8D0658404}.Release|Win32.ActiveCfg = Release|Windows Mobile 5.0 Pocket PC SDK (ARMV4I)
		{251840C4-D1DC-497D-A98B-D7B8D0658404}.Release|Windows Mobile 5.0 Pocket PC SDK (ARMV4I).ActiveCfg = Release|Windows Mobile 5.0 Pocket PC SDK (ARMV4I)
		{251840C4-D1DC-497D-A98B-D7B8D0658404}.Release|Windows Mobile 5.0 Pocket PC SDK (ARMV4I).Build.0 = Release|Windows Mobile 5.0 Pocket PC SDK (ARMV4I)
		{251840C4-D1DC-497D-A98B-D7B8D0658404}.Release|Windows Mobile 5.0 Pocket PC SDK (ARMV4I).Deploy.0 = Release|Windows Mobile 5.0 Pocket PC SDK (ARMV4I)
		{3A049180-1443-4610-ADB2-39E8DEB5BBDC}.Debug|Any CPU.ActiveCfg = Debug|Any CPU
		{3A049180-1443-4610-ADB2-39E8DEB5BBDC}.Debug|Any CPU.Build.0 = Debug|Any CPU
		{3A049180-1443-4610-ADB2-39E8DEB5BBDC}.Debug|Any CPU.Deploy.0 = Debug|Any CPU
		{3A049180-1443-4610-ADB2-39E8DEB5BBDC}.Debug|Mixed Platforms.ActiveCfg = Debug|Any CPU
		{3A049180-1443-4610-ADB2-39E8DEB5BBDC}.Debug|Mixed Platforms.Build.0 = Debug|Any CPU
		{3A049180-1443-4610-ADB2-39E8DEB5BBDC}.Debug|Mixed Platforms.Deploy.0 = Debug|Any CPU
		{3A049180-1443-4610-ADB2-39E8DEB5BBDC}.Debug|Pocket PC 2003 (ARMV4).ActiveCfg = Debug|Any CPU
		{3A049180-1443-4610-ADB2-39E8DEB5BBDC}.Debug|Win32.ActiveCfg = Debug|Any CPU
		{3A049180-1443-4610-ADB2-39E8DEB5BBDC}.Debug|Windows Mobile 5.0 Pocket PC SDK (ARMV4I).ActiveCfg = Debug|Any CPU
		{3A049180-1443-4610-ADB2-39E8DEB5BBDC}.Release|Any CPU.ActiveCfg = Release|Any CPU
		{3A049180-1443-4610-ADB2-39E8DEB5BBDC}.Release|Any CPU.Build.0 = Release|Any CPU
		{3A049180-1443-4610-ADB2-39E8DEB5BBDC}.Release|Any CPU.Deploy.0 = Release|Any CPU
		{3A049180-1443-4610-ADB2-39E8DEB5BBDC}.Release|Mixed Platforms.ActiveCfg = Release|Any CPU
		{3A049180-1443-4610-ADB2-39E8DEB5BBDC}.Release|Mixed Platforms.Build.0 = Release|Any CPU
		{3A049180-1443-4610-ADB2-39E8DEB5BBDC}.Release|Mixed Platforms.Deploy.0 = Release|Any CPU
		{3A049180-1443-4610-ADB2-39E8DEB5BBDC}.Release|Pocket PC 2003 (ARMV4).ActiveCfg = Release|Any CPU
		{3A049180-1443-4610-ADB2-39E8DEB5BBDC}.Release|Win32.ActiveCfg = Release|Any CPU
		{3A049180-1443-4610-ADB2-39E8DEB5BBDC}.Release|Windows Mobile 5.0 Pocket PC SDK (ARMV4I).ActiveCfg = Release|Any CPU
		{04E3AD1F-0567-41C7-B6BC-EB947BC77915}.Debug|Any CPU.ActiveCfg = Debug|Any CPU
		{04E3AD1F-0567-41C7-B6BC-EB947BC77915}.Debug|Any CPU.Build.0 = Debug|Any CPU
		{04E3AD1F-0567-41C7-B6BC-EB947BC77915}.Debug|Any CPU.Deploy.0 = Debug|Any CPU
		{04E3AD1F-0567-41C7-B6BC-EB947BC77915}.Debug|Mixed Platforms.ActiveCfg = Debug|Any CPU
		{04E3AD1F-0567-41C7-B6BC-EB947BC77915}.Debug|Mixed Platforms.Build.0 = Debug|Any CPU
		{04E3AD1F-0567-41C7-B6BC-EB947BC77915}.Debug|Mixed Platforms.Deploy.0 = Debug|Any CPU
		{04E3AD1F-0567-41C7-B6BC-EB947BC77915}.Debug|Pocket PC 2003 (ARMV4).ActiveCfg = Debug|Any CPU
		{04E3AD1F-0567-41C7-B6BC-EB947BC77915}.Debug|Win32.ActiveCfg = Debug|Any CPU
		{04E3AD1F-0567-41C7-B6BC-EB947BC77915}.Debug|Windows Mobile 5.0 Pocket PC SDK (ARMV4I).ActiveCfg = Debug|Any CPU
		{04E3AD1F-0567-41C7-B6BC-EB947BC77915}.Release|Any CPU.ActiveCfg = Release|Any CPU
		{04E3AD1F-0567-41C7-B6BC-EB947BC77915}.Release|Any CPU.Build.0 = Release|Any CPU
		{04E3AD1F-0567-41C7-B6BC-EB947BC77915}.Release|Any CPU.Deploy.0 = Release|Any CPU
		{04E3AD1F-0567-41C7-B6BC-EB947BC77915}.Release|Mixed Platforms.ActiveCfg = Release|Any CPU
		{04E3AD1F-0567-41C7-B6BC-EB947BC77915}.Release|Mixed Platforms.Build.0 = Release|Any CPU
		{04E3AD1F-0567-41C7-B6BC-EB947BC77915}.Release|Mixed Platforms.Deploy.0 = Release|Any CPU
		{04E3AD1F-0567-41C7-B6BC-EB947BC77915}.Release|Pocket PC 2003 (ARMV4).ActiveCfg = Release|Any CPU
		{04E3AD1F-0567-41C7-B6BC-EB947BC77915}.Release|Win32.ActiveCfg = Release|Any CPU
		{04E3AD1F-0567-41C7-B6BC-EB947BC77915}.Release|Windows Mobile 5.0 Pocket PC SDK (ARMV4I).ActiveCfg = Release|Any CPU
	EndGlobalSection
	GlobalSection(SolutionProperties) = preSolution
		HideSolutionNode = FALSE
	EndGlobalSection
EndGlobal
