
Microsoft Visual Studio Solution File, Format Version 9.00
# Visual Studio 2005
Project("{FAE04EC0-301F-11D3-BF4B-00C04F79EFBC}") = "BluetoothLayer", "BluetoothLayer\BluetoothLayer.csproj", "{65347E01-62B1-4FD2-B502-A33207971940}"
EndProject
Project("{FAE04EC0-301F-11D3-BF4B-00C04F79EFBC}") = "BluetoothLayerTest", "BluetoothLayerTest\BluetoothLayerTest.csproj", "{9232C773-178C-4DBA-B677-0A11C99F5524}"
EndProject
Project("{FAE04EC0-301F-11D3-BF4B-00C04F79EFBC}") = "DualSPP", "..\DualSPP\DualSPP\DualSPP.csproj", "{484B8343-ABC6-4E52-90D7-8D7A06A3E4FE}"
EndProject
Global
	GlobalSection(SolutionConfigurationPlatforms) = preSolution
		Debug|Any CPU = Debug|Any CPU
		Release|Any CPU = Release|Any CPU
	EndGlobalSection
	GlobalSection(ProjectConfigurationPlatforms) = postSolution
		{65347E01-62B1-4FD2-B502-A33207971940}.Debug|Any CPU.ActiveCfg = Debug|Any CPU
		{65347E01-62B1-4FD2-B502-A33207971940}.Debug|Any CPU.Build.0 = Debug|Any CPU
		{65347E01-62B1-4FD2-B502-A33207971940}.Release|Any CPU.ActiveCfg = Release|Any CPU
		{65347E01-62B1-4FD2-B502-A33207971940}.Release|Any CPU.Build.0 = Release|Any CPU
		{9232C773-178C-4DBA-B677-0A11C99F5524}.Debug|Any CPU.ActiveCfg = Debug|Any CPU
		{9232C773-178C-4DBA-B677-0A11C99F5524}.Debug|Any CPU.Build.0 = Debug|Any CPU
		{9232C773-178C-4DBA-B677-0A11C99F5524}.Debug|Any CPU.Deploy.0 = Debug|Any CPU
		{9232C773-178C-4DBA-B677-0A11C99F5524}.Release|Any CPU.ActiveCfg = Release|Any CPU
		{9232C773-178C-4DBA-B677-0A11C99F5524}.Release|Any CPU.Build.0 = Release|Any CPU
		{9232C773-178C-4DBA-B677-0A11C99F5524}.Release|Any CPU.Deploy.0 = Release|Any CPU
		{484B8343-ABC6-4E52-90D7-8D7A06A3E4FE}.Debug|Any CPU.ActiveCfg = Debug|Any CPU
		{484B8343-ABC6-4E52-90D7-8D7A06A3E4FE}.Debug|Any CPU.Build.0 = Debug|Any CPU
		{484B8343-ABC6-4E52-90D7-8D7A06A3E4FE}.Debug|Any CPU.Deploy.0 = Debug|Any CPU
		{484B8343-ABC6-4E52-90D7-8D7A06A3E4FE}.Release|Any CPU.ActiveCfg = Release|Any CPU
		{484B8343-ABC6-4E52-90D7-8D7A06A3E4FE}.Release|Any CPU.Build.0 = Release|Any CPU
		{484B8343-ABC6-4E52-90D7-8D7A06A3E4FE}.Release|Any CPU.Deploy.0 = Release|Any CPU
	EndGlobalSection
	GlobalSection(SolutionProperties) = preSolution
		HideSolutionNode = FALSE
	EndGlobalSection
EndGlobal
