Microsoft Visual Studio Solution File, Format Version 10.00
# Visual Studio 2008
Project("{FAE04EC0-301F-11D3-BF4B-00C04F79EFBC}") = "AudioAnnotation", "AudioAnnotation\AudioAnnotation.csproj", "{7638C74A-D831-4E37-A542-CEA2229231CD}"
EndProject
Project("{FAE04EC0-301F-11D3-BF4B-00C04F79EFBC}") = "AXML", "AXML\AXML.csproj", "{997F71C3-8533-4771-96D7-AE1CA66532CF}"
EndProject
Project("{FAE04EC0-301F-11D3-BF4B-00C04F79EFBC}") = "DataMerger", "DataMerger\DataMerger.csproj", "{13A2AF07-A286-468D-9F31-AD1AC957DFF5}"
EndProject
Project("{FAE04EC0-301F-11D3-BF4B-00C04F79EFBC}") = "DataViewer", "DataViewer\DataViewer.csproj", "{9D0986A0-E2A2-4848-B8CD-B5CF7BE885F6}"
EndProject
Project("{FAE04EC0-301F-11D3-BF4B-00C04F79EFBC}") = "IO", "IO\IO.csproj", "{1D75F70F-B268-4262-817A-4A0D39E90F86}"
EndProject
Project("{FAE04EC0-301F-11D3-BF4B-00C04F79EFBC}") = "MITes", "MITes\MITes.csproj", "{061C7F1B-8A40-4D9C-BED3-F6583F07BFE3}"
EndProject
Project("{FAE04EC0-301F-11D3-BF4B-00C04F79EFBC}") = "OxyconSynchronization", "OxyconSynchronization\OxyconSynchronization.csproj", "{E788D791-7436-4871-BA17-B286757995BE}"
EndProject
Project("{FAE04EC0-301F-11D3-BF4B-00C04F79EFBC}") = "SerialIO", "SerialIO\SerialIO.csproj", "{26831A48-F3A8-4019-8C62-842D3B8D2A6F}"
EndProject
Project("{FAE04EC0-301F-11D3-BF4B-00C04F79EFBC}") = "SXML", "SXML\SXML.csproj", "{FBD9A0CC-6FF0-46E1-833A-ED80FD081241}"
EndProject
Project("{FAE04EC0-301F-11D3-BF4B-00C04F79EFBC}") = "TimeSync", "TimeSync\TimeSync.csproj", "{3EC2650C-4679-4C32-8FA5-F1A4B8ECA399}"
EndProject
Project("{FAE04EC0-301F-11D3-BF4B-00C04F79EFBC}") = "WocketConfigurationApp", "WocketConfigurationApp\WocketConfigurationApp.csproj", "{3159C590-439D-4713-B4B3-9B34FDC6B910}"
EndProject
Project("{FAE04EC0-301F-11D3-BF4B-00C04F79EFBC}") = "Wockets", "Wockets\Wockets.csproj", "{16986364-6B54-443E-B1F3-A6F17F0523B2}"
EndProject
Project("{FAE04EC0-301F-11D3-BF4B-00C04F79EFBC}") = "WocketsProgrammer", "WocketsProgrammer\WocketsProgrammer.csproj", "{14487665-253E-4ABC-A87F-7ED2FDAD4B48}"
EndProject
Project("{FAE04EC0-301F-11D3-BF4B-00C04F79EFBC}") = "WocketsTestApp", "WocketsTestApp\WocketsTestApp.csproj", "{294383F9-A02B-4643-AC33-A9CD7FEAEDD6}"
EndProject
Project("{54435603-DBB4-11D2-8724-00A0C9A8B90C}") = "WocketsInstaller", "WocketsInstaller\WocketsInstaller.vdproj", "{2817D40D-A5D6-465B-8976-45989CFECCE5}"
EndProject
Global
	GlobalSection(SolutionConfigurationPlatforms) = preSolution
		Debug|Any CPU = Debug|Any CPU
		Debug|Win32 = Debug|Win32
		Release|Any CPU = Release|Any CPU
		Release|Win32 = Release|Win32
		Description = Windows code for data merging and visualization and Wocket initialization on the PC
	EndGlobalSection
	GlobalSection(ProjectConfigurationPlatforms) = postSolution
		{7638C74A-D831-4E37-A542-CEA2229231CD}.Debug|Any CPU.ActiveCfg = Debug|Any CPU
		{7638C74A-D831-4E37-A542-CEA2229231CD}.Debug|Any CPU.Build.0 = Debug|Any CPU
		{7638C74A-D831-4E37-A542-CEA2229231CD}.Debug|Win32.ActiveCfg = Debug|Any CPU
		{7638C74A-D831-4E37-A542-CEA2229231CD}.Debug|Win32.Build.0 = Debug|Any CPU
		{7638C74A-D831-4E37-A542-CEA2229231CD}.Release|Any CPU.ActiveCfg = Release|Any CPU
		{7638C74A-D831-4E37-A542-CEA2229231CD}.Release|Any CPU.Build.0 = Release|Any CPU
		{7638C74A-D831-4E37-A542-CEA2229231CD}.Release|Win32.ActiveCfg = Release|Any CPU
		{7638C74A-D831-4E37-A542-CEA2229231CD}.Release|Win32.Build.0 = Release|Any CPU
		{997F71C3-8533-4771-96D7-AE1CA66532CF}.Debug|Any CPU.ActiveCfg = Debug|Any CPU
		{997F71C3-8533-4771-96D7-AE1CA66532CF}.Debug|Any CPU.Build.0 = Debug|Any CPU
		{997F71C3-8533-4771-96D7-AE1CA66532CF}.Debug|Win32.ActiveCfg = Debug|Any CPU
		{997F71C3-8533-4771-96D7-AE1CA66532CF}.Debug|Win32.Build.0 = Debug|Any CPU
		{997F71C3-8533-4771-96D7-AE1CA66532CF}.Release|Any CPU.ActiveCfg = Release|Any CPU
		{997F71C3-8533-4771-96D7-AE1CA66532CF}.Release|Any CPU.Build.0 = Release|Any CPU
		{997F71C3-8533-4771-96D7-AE1CA66532CF}.Release|Win32.ActiveCfg = Release|Any CPU
		{997F71C3-8533-4771-96D7-AE1CA66532CF}.Release|Win32.Build.0 = Release|Any CPU
		{13A2AF07-A286-468D-9F31-AD1AC957DFF5}.Debug|Any CPU.ActiveCfg = Debug|Any CPU
		{13A2AF07-A286-468D-9F31-AD1AC957DFF5}.Debug|Any CPU.Build.0 = Debug|Any CPU
		{13A2AF07-A286-468D-9F31-AD1AC957DFF5}.Debug|Win32.ActiveCfg = Debug|Any CPU
		{13A2AF07-A286-468D-9F31-AD1AC957DFF5}.Debug|Win32.Build.0 = Debug|Any CPU
		{13A2AF07-A286-468D-9F31-AD1AC957DFF5}.Release|Any CPU.ActiveCfg = Release|Any CPU
		{13A2AF07-A286-468D-9F31-AD1AC957DFF5}.Release|Any CPU.Build.0 = Release|Any CPU
		{13A2AF07-A286-468D-9F31-AD1AC957DFF5}.Release|Win32.ActiveCfg = Release|Any CPU
		{13A2AF07-A286-468D-9F31-AD1AC957DFF5}.Release|Win32.Build.0 = Release|Any CPU
		{9D0986A0-E2A2-4848-B8CD-B5CF7BE885F6}.Debug|Any CPU.ActiveCfg = Debug|Any CPU
		{9D0986A0-E2A2-4848-B8CD-B5CF7BE885F6}.Debug|Any CPU.Build.0 = Debug|Any CPU
		{9D0986A0-E2A2-4848-B8CD-B5CF7BE885F6}.Debug|Win32.ActiveCfg = Debug|Any CPU
		{9D0986A0-E2A2-4848-B8CD-B5CF7BE885F6}.Debug|Win32.Build.0 = Debug|Any CPU
		{9D0986A0-E2A2-4848-B8CD-B5CF7BE885F6}.Release|Any CPU.ActiveCfg = Release|Any CPU
		{9D0986A0-E2A2-4848-B8CD-B5CF7BE885F6}.Release|Any CPU.Build.0 = Release|Any CPU
		{9D0986A0-E2A2-4848-B8CD-B5CF7BE885F6}.Release|Win32.ActiveCfg = Release|Any CPU
		{9D0986A0-E2A2-4848-B8CD-B5CF7BE885F6}.Release|Win32.Build.0 = Release|Any CPU
		{1D75F70F-B268-4262-817A-4A0D39E90F86}.Debug|Any CPU.ActiveCfg = Debug|Any CPU
		{1D75F70F-B268-4262-817A-4A0D39E90F86}.Debug|Any CPU.Build.0 = Debug|Any CPU
		{1D75F70F-B268-4262-817A-4A0D39E90F86}.Debug|Win32.ActiveCfg = Debug|Any CPU
		{1D75F70F-B268-4262-817A-4A0D39E90F86}.Debug|Win32.Build.0 = Debug|Any CPU
		{1D75F70F-B268-4262-817A-4A0D39E90F86}.Release|Any CPU.ActiveCfg = Release|Any CPU
		{1D75F70F-B268-4262-817A-4A0D39E90F86}.Release|Any CPU.Build.0 = Release|Any CPU
		{1D75F70F-B268-4262-817A-4A0D39E90F86}.Release|Win32.ActiveCfg = Release|Any CPU
		{1D75F70F-B268-4262-817A-4A0D39E90F86}.Release|Win32.Build.0 = Release|Any CPU
		{061C7F1B-8A40-4D9C-BED3-F6583F07BFE3}.Debug|Any CPU.ActiveCfg = Debug|Any CPU
		{061C7F1B-8A40-4D9C-BED3-F6583F07BFE3}.Debug|Any CPU.Build.0 = Debug|Any CPU
		{061C7F1B-8A40-4D9C-BED3-F6583F07BFE3}.Debug|Win32.ActiveCfg = Debug|Any CPU
		{061C7F1B-8A40-4D9C-BED3-F6583F07BFE3}.Debug|Win32.Build.0 = Debug|Any CPU
		{061C7F1B-8A40-4D9C-BED3-F6583F07BFE3}.Release|Any CPU.ActiveCfg = Release|Any CPU
		{061C7F1B-8A40-4D9C-BED3-F6583F07BFE3}.Release|Any CPU.Build.0 = Release|Any CPU
		{061C7F1B-8A40-4D9C-BED3-F6583F07BFE3}.Release|Win32.ActiveCfg = Release|Any CPU
		{061C7F1B-8A40-4D9C-BED3-F6583F07BFE3}.Release|Win32.Build.0 = Release|Any CPU
		{E788D791-7436-4871-BA17-B286757995BE}.Debug|Any CPU.ActiveCfg = Debug|Any CPU
		{E788D791-7436-4871-BA17-B286757995BE}.Debug|Any CPU.Build.0 = Debug|Any CPU
		{E788D791-7436-4871-BA17-B286757995BE}.Debug|Win32.ActiveCfg = Debug|Any CPU
		{E788D791-7436-4871-BA17-B286757995BE}.Debug|Win32.Build.0 = Debug|Any CPU
		{E788D791-7436-4871-BA17-B286757995BE}.Release|Any CPU.ActiveCfg = Release|Any CPU
		{E788D791-7436-4871-BA17-B286757995BE}.Release|Any CPU.Build.0 = Release|Any CPU
		{E788D791-7436-4871-BA17-B286757995BE}.Release|Win32.ActiveCfg = Release|Any CPU
		{E788D791-7436-4871-BA17-B286757995BE}.Release|Win32.Build.0 = Release|Any CPU
		{26831A48-F3A8-4019-8C62-842D3B8D2A6F}.Debug|Any CPU.ActiveCfg = Debug|Any CPU
		{26831A48-F3A8-4019-8C62-842D3B8D2A6F}.Debug|Any CPU.Build.0 = Debug|Any CPU
		{26831A48-F3A8-4019-8C62-842D3B8D2A6F}.Debug|Win32.ActiveCfg = Debug|Any CPU
		{26831A48-F3A8-4019-8C62-842D3B8D2A6F}.Debug|Win32.Build.0 = Debug|Any CPU
		{26831A48-F3A8-4019-8C62-842D3B8D2A6F}.Release|Any CPU.ActiveCfg = Release|Any CPU
		{26831A48-F3A8-4019-8C62-842D3B8D2A6F}.Release|Any CPU.Build.0 = Release|Any CPU
		{26831A48-F3A8-4019-8C62-842D3B8D2A6F}.Release|Win32.ActiveCfg = Release|Any CPU
		{26831A48-F3A8-4019-8C62-842D3B8D2A6F}.Release|Win32.Build.0 = Release|Any CPU
		{FBD9A0CC-6FF0-46E1-833A-ED80FD081241}.Debug|Any CPU.ActiveCfg = Debug|Any CPU
		{FBD9A0CC-6FF0-46E1-833A-ED80FD081241}.Debug|Any CPU.Build.0 = Debug|Any CPU
		{FBD9A0CC-6FF0-46E1-833A-ED80FD081241}.Debug|Win32.ActiveCfg = Debug|Any CPU
		{FBD9A0CC-6FF0-46E1-833A-ED80FD081241}.Debug|Win32.Build.0 = Debug|Any CPU
		{FBD9A0CC-6FF0-46E1-833A-ED80FD081241}.Release|Any CPU.ActiveCfg = Release|Any CPU
		{FBD9A0CC-6FF0-46E1-833A-ED80FD081241}.Release|Any CPU.Build.0 = Release|Any CPU
		{FBD9A0CC-6FF0-46E1-833A-ED80FD081241}.Release|Win32.ActiveCfg = Release|Any CPU
		{FBD9A0CC-6FF0-46E1-833A-ED80FD081241}.Release|Win32.Build.0 = Release|Any CPU
		{3EC2650C-4679-4C32-8FA5-F1A4B8ECA399}.Debug|Any CPU.ActiveCfg = Debug|Any CPU
		{3EC2650C-4679-4C32-8FA5-F1A4B8ECA399}.Debug|Any CPU.Build.0 = Debug|Any CPU
		{3EC2650C-4679-4C32-8FA5-F1A4B8ECA399}.Debug|Win32.ActiveCfg = Debug|Any CPU
		{3EC2650C-4679-4C32-8FA5-F1A4B8ECA399}.Debug|Win32.Build.0 = Debug|Any CPU
		{3EC2650C-4679-4C32-8FA5-F1A4B8ECA399}.Release|Any CPU.ActiveCfg = Release|Any CPU
		{3EC2650C-4679-4C32-8FA5-F1A4B8ECA399}.Release|Any CPU.Build.0 = Release|Any CPU
		{3EC2650C-4679-4C32-8FA5-F1A4B8ECA399}.Release|Win32.ActiveCfg = Release|Any CPU
		{3EC2650C-4679-4C32-8FA5-F1A4B8ECA399}.Release|Win32.Build.0 = Release|Any CPU
		{3159C590-439D-4713-B4B3-9B34FDC6B910}.Debug|Any CPU.ActiveCfg = Debug|Any CPU
		{3159C590-439D-4713-B4B3-9B34FDC6B910}.Debug|Any CPU.Build.0 = Debug|Any CPU
		{3159C590-439D-4713-B4B3-9B34FDC6B910}.Debug|Win32.ActiveCfg = Debug|Any CPU
		{3159C590-439D-4713-B4B3-9B34FDC6B910}.Debug|Win32.Build.0 = Debug|Any CPU
		{3159C590-439D-4713-B4B3-9B34FDC6B910}.Release|Any CPU.ActiveCfg = Release|Any CPU
		{3159C590-439D-4713-B4B3-9B34FDC6B910}.Release|Any CPU.Build.0 = Release|Any CPU
		{3159C590-439D-4713-B4B3-9B34FDC6B910}.Release|Win32.ActiveCfg = Release|Any CPU
		{3159C590-439D-4713-B4B3-9B34FDC6B910}.Release|Win32.Build.0 = Release|Any CPU
		{16986364-6B54-443E-B1F3-A6F17F0523B2}.Debug|Any CPU.ActiveCfg = Debug|Any CPU
		{16986364-6B54-443E-B1F3-A6F17F0523B2}.Debug|Any CPU.Build.0 = Debug|Any CPU
		{16986364-6B54-443E-B1F3-A6F17F0523B2}.Debug|Win32.ActiveCfg = Debug|Any CPU
		{16986364-6B54-443E-B1F3-A6F17F0523B2}.Debug|Win32.Build.0 = Debug|Any CPU
		{16986364-6B54-443E-B1F3-A6F17F0523B2}.Release|Any CPU.ActiveCfg = Release|Any CPU
		{16986364-6B54-443E-B1F3-A6F17F0523B2}.Release|Any CPU.Build.0 = Release|Any CPU
		{16986364-6B54-443E-B1F3-A6F17F0523B2}.Release|Win32.ActiveCfg = Release|Any CPU
		{16986364-6B54-443E-B1F3-A6F17F0523B2}.Release|Win32.Build.0 = Release|Any CPU
		{14487665-253E-4ABC-A87F-7ED2FDAD4B48}.Debug|Any CPU.ActiveCfg = Debug|Any CPU
		{14487665-253E-4ABC-A87F-7ED2FDAD4B48}.Debug|Any CPU.Build.0 = Debug|Any CPU
		{14487665-253E-4ABC-A87F-7ED2FDAD4B48}.Debug|Win32.ActiveCfg = Debug|Any CPU
		{14487665-253E-4ABC-A87F-7ED2FDAD4B48}.Debug|Win32.Build.0 = Debug|Any CPU
		{14487665-253E-4ABC-A87F-7ED2FDAD4B48}.Release|Any CPU.ActiveCfg = Release|Any CPU
		{14487665-253E-4ABC-A87F-7ED2FDAD4B48}.Release|Any CPU.Build.0 = Release|Any CPU
		{14487665-253E-4ABC-A87F-7ED2FDAD4B48}.Release|Win32.ActiveCfg = Release|Any CPU
		{14487665-253E-4ABC-A87F-7ED2FDAD4B48}.Release|Win32.Build.0 = Release|Any CPU
		{294383F9-A02B-4643-AC33-A9CD7FEAEDD6}.Debug|Any CPU.ActiveCfg = Debug|Any CPU
		{294383F9-A02B-4643-AC33-A9CD7FEAEDD6}.Debug|Any CPU.Build.0 = Debug|Any CPU
		{294383F9-A02B-4643-AC33-A9CD7FEAEDD6}.Debug|Win32.ActiveCfg = Debug|Any CPU
		{294383F9-A02B-4643-AC33-A9CD7FEAEDD6}.Debug|Win32.Build.0 = Debug|Any CPU
		{294383F9-A02B-4643-AC33-A9CD7FEAEDD6}.Release|Any CPU.ActiveCfg = Release|Any CPU
		{294383F9-A02B-4643-AC33-A9CD7FEAEDD6}.Release|Any CPU.Build.0 = Release|Any CPU
		{294383F9-A02B-4643-AC33-A9CD7FEAEDD6}.Release|Win32.ActiveCfg = Release|Any CPU
		{294383F9-A02B-4643-AC33-A9CD7FEAEDD6}.Release|Win32.Build.0 = Release|Any CPU
		{2817D40D-A5D6-465B-8976-45989CFECCE5}.Debug|Any CPU.ActiveCfg = Debug
		{2817D40D-A5D6-465B-8976-45989CFECCE5}.Debug|Any CPU.Build.0 = Debug
		{2817D40D-A5D6-465B-8976-45989CFECCE5}.Debug|Win32.ActiveCfg = Debug
		{2817D40D-A5D6-465B-8976-45989CFECCE5}.Debug|Win32.Build.0 = Debug
		{2817D40D-A5D6-465B-8976-45989CFECCE5}.Release|Any CPU.ActiveCfg = Release
		{2817D40D-A5D6-465B-8976-45989CFECCE5}.Release|Any CPU.Build.0 = Release
		{2817D40D-A5D6-465B-8976-45989CFECCE5}.Release|Win32.ActiveCfg = Release
		{2817D40D-A5D6-465B-8976-45989CFECCE5}.Release|Win32.Build.0 = Release
	EndGlobalSection
	GlobalSection(SolutionProperties) = preSolution
		HideSolutionNode = FALSE
	EndGlobalSection
	GlobalSection(ExtensibilityGlobals) = postSolution
		BuildVersion_StartDate = 2010/1/19
		BuildVersion_BuildVersioningStyle = None.Increment.None.DayStamp
		BuildVersion_UpdateFileVersion = False
		BuildVersion_UpdateAssemblyVersion = False
	EndGlobalSection
EndGlobal
